// !$*UTF8*$!
{
	archiveVersion = 1;
	classes = {
	};
	objectVersion = 77;
	objects = {

/* Begin PBXBuildFile section */
		0914649B2D77861E0088FF46 /* Closures.framework in Frameworks */ = {isa = PBXBuildFile; fileRef = 091464912D77861E0088FF46 /* Closures.framework */; };
		091464D22D778C1D0088FF46 /* Classes_Structures.framework in Frameworks */ = {isa = PBXBuildFile; fileRef = 091464C82D778C1D0088FF46 /* Classes_Structures.framework */; };
		09C903F02D67E33000BC5180 /* BasicOperators.framework in Frameworks */ = {isa = PBXBuildFile; fileRef = 09C903E62D67E33000BC5180 /* BasicOperators.framework */; };
		09C904272D689B0400BC5180 /* Strings.framework in Frameworks */ = {isa = PBXBuildFile; fileRef = 09C9041D2D689B0400BC5180 /* Strings.framework */; };
		09C904602D68F84A00BC5180 /* Collections.framework in Frameworks */ = {isa = PBXBuildFile; fileRef = 09C904562D68F84A00BC5180 /* Collections.framework */; };
		09C904972D762C2400BC5180 /* Optional.framework in Frameworks */ = {isa = PBXBuildFile; fileRef = 09C9048D2D762C2400BC5180 /* Optional.framework */; };
/* End PBXBuildFile section */

/* Begin PBXContainerItemProxy section */
		0914649C2D77861E0088FF46 /* PBXContainerItemProxy */ = {
			isa = PBXContainerItemProxy;
			containerPortal = 09C903CF2D67DD0C00BC5180 /* Project object */;
			proxyType = 1;
			remoteGlobalIDString = 091464902D77861E0088FF46;
			remoteInfo = Closures;
		};
		091464D32D778C1D0088FF46 /* PBXContainerItemProxy */ = {
			isa = PBXContainerItemProxy;
			containerPortal = 09C903CF2D67DD0C00BC5180 /* Project object */;
			proxyType = 1;
			remoteGlobalIDString = 091464C72D778C1D0088FF46;
			remoteInfo = Classes_Structures;
		};
		09C903F12D67E33000BC5180 /* PBXContainerItemProxy */ = {
			isa = PBXContainerItemProxy;
			containerPortal = 09C903CF2D67DD0C00BC5180 /* Project object */;
			proxyType = 1;
			remoteGlobalIDString = 09C903E52D67E33000BC5180;
			remoteInfo = BasicOperators;
		};
		09C904282D689B0400BC5180 /* PBXContainerItemProxy */ = {
			isa = PBXContainerItemProxy;
			containerPortal = 09C903CF2D67DD0C00BC5180 /* Project object */;
			proxyType = 1;
			remoteGlobalIDString = 09C9041C2D689B0400BC5180;
			remoteInfo = Strings;
		};
		09C904612D68F84A00BC5180 /* PBXContainerItemProxy */ = {
			isa = PBXContainerItemProxy;
			containerPortal = 09C903CF2D67DD0C00BC5180 /* Project object */;
			proxyType = 1;
			remoteGlobalIDString = 09C904552D68F84A00BC5180;
			remoteInfo = Collections;
		};
		09C904982D762C2400BC5180 /* PBXContainerItemProxy */ = {
			isa = PBXContainerItemProxy;
			containerPortal = 09C903CF2D67DD0C00BC5180 /* Project object */;
			proxyType = 1;
			remoteGlobalIDString = 09C9048C2D762C2400BC5180;
			remoteInfo = Optional;
		};
/* End PBXContainerItemProxy section */

/* Begin PBXCopyFilesBuildPhase section */
		09C903D52D67DD0C00BC5180 /* CopyFiles */ = {
			isa = PBXCopyFilesBuildPhase;
			buildActionMask = 2147483647;
			dstPath = /usr/share/man/man1/;
			dstSubfolderSpec = 0;
			files = (
			);
			runOnlyForDeploymentPostprocessing = 1;
		};
/* End PBXCopyFilesBuildPhase section */

/* Begin PBXFileReference section */
		091464912D77861E0088FF46 /* Closures.framework */ = {isa = PBXFileReference; explicitFileType = wrapper.framework; includeInIndex = 0; path = Closures.framework; sourceTree = BUILT_PRODUCTS_DIR; };
		0914649A2D77861E0088FF46 /* ClosuresTests.xctest */ = {isa = PBXFileReference; explicitFileType = wrapper.cfbundle; includeInIndex = 0; path = ClosuresTests.xctest; sourceTree = BUILT_PRODUCTS_DIR; };
		091464C82D778C1D0088FF46 /* Classes_Structures.framework */ = {isa = PBXFileReference; explicitFileType = wrapper.framework; includeInIndex = 0; path = Classes_Structures.framework; sourceTree = BUILT_PRODUCTS_DIR; };
		091464D12D778C1D0088FF46 /* Classes_StructuresTests.xctest */ = {isa = PBXFileReference; explicitFileType = wrapper.cfbundle; includeInIndex = 0; path = Classes_StructuresTests.xctest; sourceTree = BUILT_PRODUCTS_DIR; };
		09C903D72D67DD0C00BC5180 /* Practice1 */ = {isa = PBXFileReference; explicitFileType = "compiled.mach-o.executable"; includeInIndex = 0; path = Practice1; sourceTree = BUILT_PRODUCTS_DIR; };
		09C903E62D67E33000BC5180 /* BasicOperators.framework */ = {isa = PBXFileReference; explicitFileType = wrapper.framework; includeInIndex = 0; path = BasicOperators.framework; sourceTree = BUILT_PRODUCTS_DIR; };
		09C903EF2D67E33000BC5180 /* BasicOperatorsTests.xctest */ = {isa = PBXFileReference; explicitFileType = wrapper.cfbundle; includeInIndex = 0; path = BasicOperatorsTests.xctest; sourceTree = BUILT_PRODUCTS_DIR; };
		09C9041D2D689B0400BC5180 /* Strings.framework */ = {isa = PBXFileReference; explicitFileType = wrapper.framework; includeInIndex = 0; path = Strings.framework; sourceTree = BUILT_PRODUCTS_DIR; };
		09C904262D689B0400BC5180 /* StringsTests.xctest */ = {isa = PBXFileReference; explicitFileType = wrapper.cfbundle; includeInIndex = 0; path = StringsTests.xctest; sourceTree = BUILT_PRODUCTS_DIR; };
		09C904562D68F84A00BC5180 /* Collections.framework */ = {isa = PBXFileReference; explicitFileType = wrapper.framework; includeInIndex = 0; path = Collections.framework; sourceTree = BUILT_PRODUCTS_DIR; };
		09C9045F2D68F84A00BC5180 /* CollectionsTests.xctest */ = {isa = PBXFileReference; explicitFileType = wrapper.cfbundle; includeInIndex = 0; path = CollectionsTests.xctest; sourceTree = BUILT_PRODUCTS_DIR; };
		09C9048D2D762C2400BC5180 /* Optional.framework */ = {isa = PBXFileReference; explicitFileType = wrapper.framework; includeInIndex = 0; path = Optional.framework; sourceTree = BUILT_PRODUCTS_DIR; };
		09C904962D762C2400BC5180 /* OptionalTests.xctest */ = {isa = PBXFileReference; explicitFileType = wrapper.cfbundle; includeInIndex = 0; path = OptionalTests.xctest; sourceTree = BUILT_PRODUCTS_DIR; };
/* End PBXFileReference section */

/* Begin PBXFileSystemSynchronizedBuildFileExceptionSet section */
		09C904B42D762C4500BC5180 /* Exceptions for "Optional" folder in "Optional" target */ = {
			isa = PBXFileSystemSynchronizedBuildFileExceptionSet;
			membershipExceptions = (
				Optional.docc,
				Optional.h,
				Tasks/Task2.swift,
				Tasks/Task3.swift,
				Tasks/Task4.swift,
			);
			publicHeaders = (
				Optional.h,
			);
			target = 09C9048C2D762C2400BC5180 /* Optional */;
		};
		09C904B52D762C4500BC5180 /* Exceptions for "Optional" folder in "OptionalTests" target */ = {
			isa = PBXFileSystemSynchronizedBuildFileExceptionSet;
			membershipExceptions = (
				Optional.docc,
			);
			target = 09C904952D762C2400BC5180 /* OptionalTests */;
		};
/* End PBXFileSystemSynchronizedBuildFileExceptionSet section */

/* Begin PBXFileSystemSynchronizedRootGroup section */
		091464922D77861E0088FF46 /* Closures */ = {
			isa = PBXFileSystemSynchronizedRootGroup;
			path = Closures;
			sourceTree = "<group>";
		};
		0914649E2D77861E0088FF46 /* ClosuresTests */ = {
			isa = PBXFileSystemSynchronizedRootGroup;
			path = ClosuresTests;
			sourceTree = "<group>";
		};
		091464C92D778C1D0088FF46 /* Classes_Structures */ = {
			isa = PBXFileSystemSynchronizedRootGroup;
			path = Classes_Structures;
			sourceTree = "<group>";
		};
		091464D52D778C1D0088FF46 /* Classes_StructuresTests */ = {
			isa = PBXFileSystemSynchronizedRootGroup;
			path = Classes_StructuresTests;
			sourceTree = "<group>";
		};
		09C903D92D67DD0C00BC5180 /* Practice1 */ = {
			isa = PBXFileSystemSynchronizedRootGroup;
			path = Practice1;
			sourceTree = "<group>";
		};
		09C903E72D67E33000BC5180 /* BasicOperators */ = {
			isa = PBXFileSystemSynchronizedRootGroup;
			path = BasicOperators;
			sourceTree = "<group>";
		};
		09C903F32D67E33000BC5180 /* BasicOperatorsTests */ = {
			isa = PBXFileSystemSynchronizedRootGroup;
			path = BasicOperatorsTests;
			sourceTree = "<group>";
		};
		09C9041E2D689B0400BC5180 /* Strings */ = {
			isa = PBXFileSystemSynchronizedRootGroup;
			path = Strings;
			sourceTree = "<group>";
		};
		09C9042A2D689B0400BC5180 /* StringsTests */ = {
			isa = PBXFileSystemSynchronizedRootGroup;
			path = StringsTests;
			sourceTree = "<group>";
		};
		09C904572D68F84A00BC5180 /* Collections */ = {
			isa = PBXFileSystemSynchronizedRootGroup;
			path = Collections;
			sourceTree = "<group>";
		};
		09C904632D68F84A00BC5180 /* CollectionsTests */ = {
			isa = PBXFileSystemSynchronizedRootGroup;
			path = CollectionsTests;
			sourceTree = "<group>";
		};
		09C9049A2D762C2400BC5180 /* OptionalTests */ = {
			isa = PBXFileSystemSynchronizedRootGroup;
			path = OptionalTests;
			sourceTree = "<group>";
		};
		09C904B12D762C4500BC5180 /* Optional */ = {
			isa = PBXFileSystemSynchronizedRootGroup;
			exceptions = (
				09C904B42D762C4500BC5180 /* Exceptions for "Optional" folder in "Optional" target */,
				09C904B52D762C4500BC5180 /* Exceptions for "Optional" folder in "OptionalTests" target */,
			);
			path = Optional;
			sourceTree = "<group>";
		};
/* End PBXFileSystemSynchronizedRootGroup section */

/* Begin PBXFrameworksBuildPhase section */
		0914648E2D77861E0088FF46 /* Frameworks */ = {
			isa = PBXFrameworksBuildPhase;
			buildActionMask = 2147483647;
			files = (
			);
			runOnlyForDeploymentPostprocessing = 0;
		};
		091464972D77861E0088FF46 /* Frameworks */ = {
			isa = PBXFrameworksBuildPhase;
			buildActionMask = 2147483647;
			files = (
				0914649B2D77861E0088FF46 /* Closures.framework in Frameworks */,
			);
			runOnlyForDeploymentPostprocessing = 0;
		};
		091464C52D778C1D0088FF46 /* Frameworks */ = {
			isa = PBXFrameworksBuildPhase;
			buildActionMask = 2147483647;
			files = (
			);
			runOnlyForDeploymentPostprocessing = 0;
		};
		091464CE2D778C1D0088FF46 /* Frameworks */ = {
			isa = PBXFrameworksBuildPhase;
			buildActionMask = 2147483647;
			files = (
				091464D22D778C1D0088FF46 /* Classes_Structures.framework in Frameworks */,
			);
			runOnlyForDeploymentPostprocessing = 0;
		};
		09C903D42D67DD0C00BC5180 /* Frameworks */ = {
			isa = PBXFrameworksBuildPhase;
			buildActionMask = 2147483647;
			files = (
			);
			runOnlyForDeploymentPostprocessing = 0;
		};
		09C903E32D67E33000BC5180 /* Frameworks */ = {
			isa = PBXFrameworksBuildPhase;
			buildActionMask = 2147483647;
			files = (
			);
			runOnlyForDeploymentPostprocessing = 0;
		};
		09C903EC2D67E33000BC5180 /* Frameworks */ = {
			isa = PBXFrameworksBuildPhase;
			buildActionMask = 2147483647;
			files = (
				09C903F02D67E33000BC5180 /* BasicOperators.framework in Frameworks */,
			);
			runOnlyForDeploymentPostprocessing = 0;
		};
		09C9041A2D689B0400BC5180 /* Frameworks */ = {
			isa = PBXFrameworksBuildPhase;
			buildActionMask = 2147483647;
			files = (
			);
			runOnlyForDeploymentPostprocessing = 0;
		};
		09C904232D689B0400BC5180 /* Frameworks */ = {
			isa = PBXFrameworksBuildPhase;
			buildActionMask = 2147483647;
			files = (
				09C904272D689B0400BC5180 /* Strings.framework in Frameworks */,
			);
			runOnlyForDeploymentPostprocessing = 0;
		};
		09C904532D68F84A00BC5180 /* Frameworks */ = {
			isa = PBXFrameworksBuildPhase;
			buildActionMask = 2147483647;
			files = (
			);
			runOnlyForDeploymentPostprocessing = 0;
		};
		09C9045C2D68F84A00BC5180 /* Frameworks */ = {
			isa = PBXFrameworksBuildPhase;
			buildActionMask = 2147483647;
			files = (
				09C904602D68F84A00BC5180 /* Collections.framework in Frameworks */,
			);
			runOnlyForDeploymentPostprocessing = 0;
		};
		09C9048A2D762C2400BC5180 /* Frameworks */ = {
			isa = PBXFrameworksBuildPhase;
			buildActionMask = 2147483647;
			files = (
			);
			runOnlyForDeploymentPostprocessing = 0;
		};
		09C904932D762C2400BC5180 /* Frameworks */ = {
			isa = PBXFrameworksBuildPhase;
			buildActionMask = 2147483647;
			files = (
				09C904972D762C2400BC5180 /* Optional.framework in Frameworks */,
			);
			runOnlyForDeploymentPostprocessing = 0;
		};
/* End PBXFrameworksBuildPhase section */

/* Begin PBXGroup section */
		09C903CE2D67DD0C00BC5180 = {
			isa = PBXGroup;
			children = (
				09C903D92D67DD0C00BC5180 /* Practice1 */,
				09C903E72D67E33000BC5180 /* BasicOperators */,
				09C903F32D67E33000BC5180 /* BasicOperatorsTests */,
				09C9041E2D689B0400BC5180 /* Strings */,
				09C9042A2D689B0400BC5180 /* StringsTests */,
				09C904572D68F84A00BC5180 /* Collections */,
				09C904632D68F84A00BC5180 /* CollectionsTests */,
				09C904B12D762C4500BC5180 /* Optional */,
				09C9049A2D762C2400BC5180 /* OptionalTests */,
				091464922D77861E0088FF46 /* Closures */,
				0914649E2D77861E0088FF46 /* ClosuresTests */,
				091464C92D778C1D0088FF46 /* Classes_Structures */,
				091464D52D778C1D0088FF46 /* Classes_StructuresTests */,
				09C903D82D67DD0C00BC5180 /* Products */,
			);
			sourceTree = "<group>";
		};
		09C903D82D67DD0C00BC5180 /* Products */ = {
			isa = PBXGroup;
			children = (
				09C903D72D67DD0C00BC5180 /* Practice1 */,
				09C903E62D67E33000BC5180 /* BasicOperators.framework */,
				09C903EF2D67E33000BC5180 /* BasicOperatorsTests.xctest */,
				09C9041D2D689B0400BC5180 /* Strings.framework */,
				09C904262D689B0400BC5180 /* StringsTests.xctest */,
				09C904562D68F84A00BC5180 /* Collections.framework */,
				09C9045F2D68F84A00BC5180 /* CollectionsTests.xctest */,
				09C9048D2D762C2400BC5180 /* Optional.framework */,
				09C904962D762C2400BC5180 /* OptionalTests.xctest */,
				091464912D77861E0088FF46 /* Closures.framework */,
				0914649A2D77861E0088FF46 /* ClosuresTests.xctest */,
				091464C82D778C1D0088FF46 /* Classes_Structures.framework */,
				091464D12D778C1D0088FF46 /* Classes_StructuresTests.xctest */,
			);
			name = Products;
			sourceTree = "<group>";
		};
/* End PBXGroup section */

/* Begin PBXHeadersBuildPhase section */
		0914648C2D77861E0088FF46 /* Headers */ = {
			isa = PBXHeadersBuildPhase;
			buildActionMask = 2147483647;
			files = (
			);
			runOnlyForDeploymentPostprocessing = 0;
		};
		091464C32D778C1D0088FF46 /* Headers */ = {
			isa = PBXHeadersBuildPhase;
			buildActionMask = 2147483647;
			files = (
			);
			runOnlyForDeploymentPostprocessing = 0;
		};
		09C903E12D67E33000BC5180 /* Headers */ = {
			isa = PBXHeadersBuildPhase;
			buildActionMask = 2147483647;
			files = (
			);
			runOnlyForDeploymentPostprocessing = 0;
		};
		09C904182D689B0400BC5180 /* Headers */ = {
			isa = PBXHeadersBuildPhase;
			buildActionMask = 2147483647;
			files = (
			);
			runOnlyForDeploymentPostprocessing = 0;
		};
		09C904512D68F84A00BC5180 /* Headers */ = {
			isa = PBXHeadersBuildPhase;
			buildActionMask = 2147483647;
			files = (
			);
			runOnlyForDeploymentPostprocessing = 0;
		};
		09C904882D762C2400BC5180 /* Headers */ = {
			isa = PBXHeadersBuildPhase;
			buildActionMask = 2147483647;
			files = (
			);
			runOnlyForDeploymentPostprocessing = 0;
		};
/* End PBXHeadersBuildPhase section */

/* Begin PBXNativeTarget section */
		091464902D77861E0088FF46 /* Closures */ = {
			isa = PBXNativeTarget;
			buildConfigurationList = 091464A32D77861E0088FF46 /* Build configuration list for PBXNativeTarget "Closures" */;
			buildPhases = (
				0914648C2D77861E0088FF46 /* Headers */,
				0914648D2D77861E0088FF46 /* Sources */,
				0914648E2D77861E0088FF46 /* Frameworks */,
				0914648F2D77861E0088FF46 /* Resources */,
			);
			buildRules = (
			);
			dependencies = (
			);
			fileSystemSynchronizedGroups = (
				091464922D77861E0088FF46 /* Closures */,
			);
			name = Closures;
			packageProductDependencies = (
			);
			productName = Closures;
			productReference = 091464912D77861E0088FF46 /* Closures.framework */;
			productType = "com.apple.product-type.framework";
		};
		091464992D77861E0088FF46 /* ClosuresTests */ = {
			isa = PBXNativeTarget;
			buildConfigurationList = 091464A62D77861E0088FF46 /* Build configuration list for PBXNativeTarget "ClosuresTests" */;
			buildPhases = (
				091464962D77861E0088FF46 /* Sources */,
				091464972D77861E0088FF46 /* Frameworks */,
				091464982D77861E0088FF46 /* Resources */,
			);
			buildRules = (
			);
			dependencies = (
				0914649D2D77861E0088FF46 /* PBXTargetDependency */,
			);
			fileSystemSynchronizedGroups = (
				0914649E2D77861E0088FF46 /* ClosuresTests */,
			);
			name = ClosuresTests;
			packageProductDependencies = (
			);
			productName = ClosuresTests;
			productReference = 0914649A2D77861E0088FF46 /* ClosuresTests.xctest */;
			productType = "com.apple.product-type.bundle.unit-test";
		};
		091464C72D778C1D0088FF46 /* Classes_Structures */ = {
			isa = PBXNativeTarget;
			buildConfigurationList = 091464DA2D778C1D0088FF46 /* Build configuration list for PBXNativeTarget "Classes_Structures" */;
			buildPhases = (
				091464C32D778C1D0088FF46 /* Headers */,
				091464C42D778C1D0088FF46 /* Sources */,
				091464C52D778C1D0088FF46 /* Frameworks */,
				091464C62D778C1D0088FF46 /* Resources */,
			);
			buildRules = (
			);
			dependencies = (
			);
			fileSystemSynchronizedGroups = (
				091464C92D778C1D0088FF46 /* Classes_Structures */,
			);
			name = Classes_Structures;
			packageProductDependencies = (
			);
			productName = Classes_Structures;
			productReference = 091464C82D778C1D0088FF46 /* Classes_Structures.framework */;
			productType = "com.apple.product-type.framework";
		};
		091464D02D778C1D0088FF46 /* Classes_StructuresTests */ = {
			isa = PBXNativeTarget;
			buildConfigurationList = 091464DD2D778C1D0088FF46 /* Build configuration list for PBXNativeTarget "Classes_StructuresTests" */;
			buildPhases = (
				091464CD2D778C1D0088FF46 /* Sources */,
				091464CE2D778C1D0088FF46 /* Frameworks */,
				091464CF2D778C1D0088FF46 /* Resources */,
			);
			buildRules = (
			);
			dependencies = (
				091464D42D778C1D0088FF46 /* PBXTargetDependency */,
			);
			fileSystemSynchronizedGroups = (
				091464D52D778C1D0088FF46 /* Classes_StructuresTests */,
			);
			name = Classes_StructuresTests;
			packageProductDependencies = (
			);
			productName = Classes_StructuresTests;
			productReference = 091464D12D778C1D0088FF46 /* Classes_StructuresTests.xctest */;
			productType = "com.apple.product-type.bundle.unit-test";
		};
		09C903D62D67DD0C00BC5180 /* Practice1 */ = {
			isa = PBXNativeTarget;
			buildConfigurationList = 09C903DE2D67DD0C00BC5180 /* Build configuration list for PBXNativeTarget "Practice1" */;
			buildPhases = (
				09C903D32D67DD0C00BC5180 /* Sources */,
				09C903D42D67DD0C00BC5180 /* Frameworks */,
				09C903D52D67DD0C00BC5180 /* CopyFiles */,
			);
			buildRules = (
			);
			dependencies = (
			);
			fileSystemSynchronizedGroups = (
				09C903D92D67DD0C00BC5180 /* Practice1 */,
			);
			name = Practice1;
			packageProductDependencies = (
			);
			productName = Practice1;
			productReference = 09C903D72D67DD0C00BC5180 /* Practice1 */;
			productType = "com.apple.product-type.tool";
		};
		09C903E52D67E33000BC5180 /* BasicOperators */ = {
			isa = PBXNativeTarget;
			buildConfigurationList = 09C903F82D67E33000BC5180 /* Build configuration list for PBXNativeTarget "BasicOperators" */;
			buildPhases = (
				09C903E12D67E33000BC5180 /* Headers */,
				09C903E22D67E33000BC5180 /* Sources */,
				09C903E32D67E33000BC5180 /* Frameworks */,
				09C903E42D67E33000BC5180 /* Resources */,
			);
			buildRules = (
			);
			dependencies = (
			);
			fileSystemSynchronizedGroups = (
				09C903E72D67E33000BC5180 /* BasicOperators */,
			);
			name = BasicOperators;
			packageProductDependencies = (
			);
			productName = BasicOperators;
			productReference = 09C903E62D67E33000BC5180 /* BasicOperators.framework */;
			productType = "com.apple.product-type.framework";
		};
		09C903EE2D67E33000BC5180 /* BasicOperatorsTests */ = {
			isa = PBXNativeTarget;
			buildConfigurationList = 09C903FB2D67E33000BC5180 /* Build configuration list for PBXNativeTarget "BasicOperatorsTests" */;
			buildPhases = (
				09C903EB2D67E33000BC5180 /* Sources */,
				09C903EC2D67E33000BC5180 /* Frameworks */,
				09C903ED2D67E33000BC5180 /* Resources */,
			);
			buildRules = (
			);
			dependencies = (
				09C903F22D67E33000BC5180 /* PBXTargetDependency */,
			);
			fileSystemSynchronizedGroups = (
				09C903F32D67E33000BC5180 /* BasicOperatorsTests */,
			);
			name = BasicOperatorsTests;
			packageProductDependencies = (
			);
			productName = BasicOperatorsTests;
			productReference = 09C903EF2D67E33000BC5180 /* BasicOperatorsTests.xctest */;
			productType = "com.apple.product-type.bundle.unit-test";
		};
		09C9041C2D689B0400BC5180 /* Strings */ = {
			isa = PBXNativeTarget;
			buildConfigurationList = 09C9042F2D689B0400BC5180 /* Build configuration list for PBXNativeTarget "Strings" */;
			buildPhases = (
				09C904182D689B0400BC5180 /* Headers */,
				09C904192D689B0400BC5180 /* Sources */,
				09C9041A2D689B0400BC5180 /* Frameworks */,
				09C9041B2D689B0400BC5180 /* Resources */,
			);
			buildRules = (
			);
			dependencies = (
			);
			fileSystemSynchronizedGroups = (
				09C9041E2D689B0400BC5180 /* Strings */,
			);
			name = Strings;
			packageProductDependencies = (
			);
			productName = Strings;
			productReference = 09C9041D2D689B0400BC5180 /* Strings.framework */;
			productType = "com.apple.product-type.framework";
		};
		09C904252D689B0400BC5180 /* StringsTests */ = {
			isa = PBXNativeTarget;
			buildConfigurationList = 09C904322D689B0400BC5180 /* Build configuration list for PBXNativeTarget "StringsTests" */;
			buildPhases = (
				09C904222D689B0400BC5180 /* Sources */,
				09C904232D689B0400BC5180 /* Frameworks */,
				09C904242D689B0400BC5180 /* Resources */,
			);
			buildRules = (
			);
			dependencies = (
				09C904292D689B0400BC5180 /* PBXTargetDependency */,
			);
			fileSystemSynchronizedGroups = (
				09C9042A2D689B0400BC5180 /* StringsTests */,
			);
			name = StringsTests;
			packageProductDependencies = (
			);
			productName = StringsTests;
			productReference = 09C904262D689B0400BC5180 /* StringsTests.xctest */;
			productType = "com.apple.product-type.bundle.unit-test";
		};
		09C904552D68F84A00BC5180 /* Collections */ = {
			isa = PBXNativeTarget;
			buildConfigurationList = 09C904682D68F84A00BC5180 /* Build configuration list for PBXNativeTarget "Collections" */;
			buildPhases = (
				09C904512D68F84A00BC5180 /* Headers */,
				09C904522D68F84A00BC5180 /* Sources */,
				09C904532D68F84A00BC5180 /* Frameworks */,
				09C904542D68F84A00BC5180 /* Resources */,
			);
			buildRules = (
			);
			dependencies = (
			);
			fileSystemSynchronizedGroups = (
				09C904572D68F84A00BC5180 /* Collections */,
			);
			name = Collections;
			packageProductDependencies = (
			);
			productName = Collections;
			productReference = 09C904562D68F84A00BC5180 /* Collections.framework */;
			productType = "com.apple.product-type.framework";
		};
		09C9045E2D68F84A00BC5180 /* CollectionsTests */ = {
			isa = PBXNativeTarget;
			buildConfigurationList = 09C9046B2D68F84A00BC5180 /* Build configuration list for PBXNativeTarget "CollectionsTests" */;
			buildPhases = (
				09C9045B2D68F84A00BC5180 /* Sources */,
				09C9045C2D68F84A00BC5180 /* Frameworks */,
				09C9045D2D68F84A00BC5180 /* Resources */,
			);
			buildRules = (
			);
			dependencies = (
				09C904622D68F84A00BC5180 /* PBXTargetDependency */,
			);
			fileSystemSynchronizedGroups = (
				09C904632D68F84A00BC5180 /* CollectionsTests */,
			);
			name = CollectionsTests;
			packageProductDependencies = (
			);
			productName = CollectionsTests;
			productReference = 09C9045F2D68F84A00BC5180 /* CollectionsTests.xctest */;
			productType = "com.apple.product-type.bundle.unit-test";
		};
		09C9048C2D762C2400BC5180 /* Optional */ = {
			isa = PBXNativeTarget;
			buildConfigurationList = 09C9049F2D762C2400BC5180 /* Build configuration list for PBXNativeTarget "Optional" */;
			buildPhases = (
				09C904882D762C2400BC5180 /* Headers */,
				09C904892D762C2400BC5180 /* Sources */,
				09C9048A2D762C2400BC5180 /* Frameworks */,
				09C9048B2D762C2400BC5180 /* Resources */,
			);
			buildRules = (
			);
			dependencies = (
			);
			name = Optional;
			packageProductDependencies = (
			);
			productName = Optional;
			productReference = 09C9048D2D762C2400BC5180 /* Optional.framework */;
			productType = "com.apple.product-type.framework";
		};
		09C904952D762C2400BC5180 /* OptionalTests */ = {
			isa = PBXNativeTarget;
			buildConfigurationList = 09C904A22D762C2400BC5180 /* Build configuration list for PBXNativeTarget "OptionalTests" */;
			buildPhases = (
				09C904922D762C2400BC5180 /* Sources */,
				09C904932D762C2400BC5180 /* Frameworks */,
				09C904942D762C2400BC5180 /* Resources */,
			);
			buildRules = (
			);
			dependencies = (
				09C904992D762C2400BC5180 /* PBXTargetDependency */,
			);
			fileSystemSynchronizedGroups = (
				09C9049A2D762C2400BC5180 /* OptionalTests */,
				09C904B12D762C4500BC5180 /* Optional */,
			);
			name = OptionalTests;
			packageProductDependencies = (
			);
			productName = OptionalTests;
			productReference = 09C904962D762C2400BC5180 /* OptionalTests.xctest */;
			productType = "com.apple.product-type.bundle.unit-test";
		};
/* End PBXNativeTarget section */

/* Begin PBXProject section */
		09C903CF2D67DD0C00BC5180 /* Project object */ = {
			isa = PBXProject;
			attributes = {
				BuildIndependentTargetsInParallel = 1;
				LastSwiftUpdateCheck = 1620;
				LastUpgradeCheck = 1620;
				TargetAttributes = {
					091464902D77861E0088FF46 = {
						CreatedOnToolsVersion = 16.2;
					};
					091464992D77861E0088FF46 = {
						CreatedOnToolsVersion = 16.2;
					};
					091464C72D778C1D0088FF46 = {
						CreatedOnToolsVersion = 16.2;
					};
					091464D02D778C1D0088FF46 = {
						CreatedOnToolsVersion = 16.2;
					};
					09C903D62D67DD0C00BC5180 = {
						CreatedOnToolsVersion = 16.2;
					};
					09C903E52D67E33000BC5180 = {
						CreatedOnToolsVersion = 16.2;
					};
					09C903EE2D67E33000BC5180 = {
						CreatedOnToolsVersion = 16.2;
					};
					09C9041C2D689B0400BC5180 = {
						CreatedOnToolsVersion = 16.2;
					};
					09C904252D689B0400BC5180 = {
						CreatedOnToolsVersion = 16.2;
					};
					09C904552D68F84A00BC5180 = {
						CreatedOnToolsVersion = 16.2;
					};
					09C9045E2D68F84A00BC5180 = {
						CreatedOnToolsVersion = 16.2;
					};
					09C9048C2D762C2400BC5180 = {
						CreatedOnToolsVersion = 16.2;
					};
					09C904952D762C2400BC5180 = {
						CreatedOnToolsVersion = 16.2;
					};
				};
			};
			buildConfigurationList = 09C903D22D67DD0C00BC5180 /* Build configuration list for PBXProject "Practice1" */;
			developmentRegion = en;
			hasScannedForEncodings = 0;
			knownRegions = (
				en,
				Base,
			);
			mainGroup = 09C903CE2D67DD0C00BC5180;
			minimizedProjectReferenceProxies = 1;
			preferredProjectObjectVersion = 77;
			productRefGroup = 09C903D82D67DD0C00BC5180 /* Products */;
			projectDirPath = "";
			projectRoot = "";
			targets = (
				09C903D62D67DD0C00BC5180 /* Practice1 */,
				09C903E52D67E33000BC5180 /* BasicOperators */,
				09C903EE2D67E33000BC5180 /* BasicOperatorsTests */,
				09C9041C2D689B0400BC5180 /* Strings */,
				09C904252D689B0400BC5180 /* StringsTests */,
				09C904552D68F84A00BC5180 /* Collections */,
				09C9045E2D68F84A00BC5180 /* CollectionsTests */,
				09C9048C2D762C2400BC5180 /* Optional */,
				09C904952D762C2400BC5180 /* OptionalTests */,
				091464902D77861E0088FF46 /* Closures */,
				091464992D77861E0088FF46 /* ClosuresTests */,
				091464C72D778C1D0088FF46 /* Classes_Structures */,
				091464D02D778C1D0088FF46 /* Classes_StructuresTests */,
			);
		};
/* End PBXProject section */

/* Begin PBXResourcesBuildPhase section */
		0914648F2D77861E0088FF46 /* Resources */ = {
			isa = PBXResourcesBuildPhase;
			buildActionMask = 2147483647;
			files = (
			);
			runOnlyForDeploymentPostprocessing = 0;
		};
		091464982D77861E0088FF46 /* Resources */ = {
			isa = PBXResourcesBuildPhase;
			buildActionMask = 2147483647;
			files = (
			);
			runOnlyForDeploymentPostprocessing = 0;
		};
		091464C62D778C1D0088FF46 /* Resources */ = {
			isa = PBXResourcesBuildPhase;
			buildActionMask = 2147483647;
			files = (
			);
			runOnlyForDeploymentPostprocessing = 0;
		};
		091464CF2D778C1D0088FF46 /* Resources */ = {
			isa = PBXResourcesBuildPhase;
			buildActionMask = 2147483647;
			files = (
			);
			runOnlyForDeploymentPostprocessing = 0;
		};
		09C903E42D67E33000BC5180 /* Resources */ = {
			isa = PBXResourcesBuildPhase;
			buildActionMask = 2147483647;
			files = (
			);
			runOnlyForDeploymentPostprocessing = 0;
		};
		09C903ED2D67E33000BC5180 /* Resources */ = {
			isa = PBXResourcesBuildPhase;
			buildActionMask = 2147483647;
			files = (
			);
			runOnlyForDeploymentPostprocessing = 0;
		};
		09C9041B2D689B0400BC5180 /* Resources */ = {
			isa = PBXResourcesBuildPhase;
			buildActionMask = 2147483647;
			files = (
			);
			runOnlyForDeploymentPostprocessing = 0;
		};
		09C904242D689B0400BC5180 /* Resources */ = {
			isa = PBXResourcesBuildPhase;
			buildActionMask = 2147483647;
			files = (
			);
			runOnlyForDeploymentPostprocessing = 0;
		};
		09C904542D68F84A00BC5180 /* Resources */ = {
			isa = PBXResourcesBuildPhase;
			buildActionMask = 2147483647;
			files = (
			);
			runOnlyForDeploymentPostprocessing = 0;
		};
		09C9045D2D68F84A00BC5180 /* Resources */ = {
			isa = PBXResourcesBuildPhase;
			buildActionMask = 2147483647;
			files = (
			);
			runOnlyForDeploymentPostprocessing = 0;
		};
		09C9048B2D762C2400BC5180 /* Resources */ = {
			isa = PBXResourcesBuildPhase;
			buildActionMask = 2147483647;
			files = (
			);
			runOnlyForDeploymentPostprocessing = 0;
		};
		09C904942D762C2400BC5180 /* Resources */ = {
			isa = PBXResourcesBuildPhase;
			buildActionMask = 2147483647;
			files = (
			);
			runOnlyForDeploymentPostprocessing = 0;
		};
/* End PBXResourcesBuildPhase section */

/* Begin PBXSourcesBuildPhase section */
		0914648D2D77861E0088FF46 /* Sources */ = {
			isa = PBXSourcesBuildPhase;
			buildActionMask = 2147483647;
			files = (
			);
			runOnlyForDeploymentPostprocessing = 0;
		};
		091464962D77861E0088FF46 /* Sources */ = {
			isa = PBXSourcesBuildPhase;
			buildActionMask = 2147483647;
			files = (
			);
			runOnlyForDeploymentPostprocessing = 0;
		};
		091464C42D778C1D0088FF46 /* Sources */ = {
			isa = PBXSourcesBuildPhase;
			buildActionMask = 2147483647;
			files = (
			);
			runOnlyForDeploymentPostprocessing = 0;
		};
		091464CD2D778C1D0088FF46 /* Sources */ = {
			isa = PBXSourcesBuildPhase;
			buildActionMask = 2147483647;
			files = (
			);
			runOnlyForDeploymentPostprocessing = 0;
		};
		09C903D32D67DD0C00BC5180 /* Sources */ = {
			isa = PBXSourcesBuildPhase;
			buildActionMask = 2147483647;
			files = (
			);
			runOnlyForDeploymentPostprocessing = 0;
		};
		09C903E22D67E33000BC5180 /* Sources */ = {
			isa = PBXSourcesBuildPhase;
			buildActionMask = 2147483647;
			files = (
			);
			runOnlyForDeploymentPostprocessing = 0;
		};
		09C903EB2D67E33000BC5180 /* Sources */ = {
			isa = PBXSourcesBuildPhase;
			buildActionMask = 2147483647;
			files = (
			);
			runOnlyForDeploymentPostprocessing = 0;
		};
		09C904192D689B0400BC5180 /* Sources */ = {
			isa = PBXSourcesBuildPhase;
			buildActionMask = 2147483647;
			files = (
			);
			runOnlyForDeploymentPostprocessing = 0;
		};
		09C904222D689B0400BC5180 /* Sources */ = {
			isa = PBXSourcesBuildPhase;
			buildActionMask = 2147483647;
			files = (
			);
			runOnlyForDeploymentPostprocessing = 0;
		};
		09C904522D68F84A00BC5180 /* Sources */ = {
			isa = PBXSourcesBuildPhase;
			buildActionMask = 2147483647;
			files = (
			);
			runOnlyForDeploymentPostprocessing = 0;
		};
		09C9045B2D68F84A00BC5180 /* Sources */ = {
			isa = PBXSourcesBuildPhase;
			buildActionMask = 2147483647;
			files = (
			);
			runOnlyForDeploymentPostprocessing = 0;
		};
		09C904892D762C2400BC5180 /* Sources */ = {
			isa = PBXSourcesBuildPhase;
			buildActionMask = 2147483647;
			files = (
			);
			runOnlyForDeploymentPostprocessing = 0;
		};
		09C904922D762C2400BC5180 /* Sources */ = {
			isa = PBXSourcesBuildPhase;
			buildActionMask = 2147483647;
			files = (
			);
			runOnlyForDeploymentPostprocessing = 0;
		};
/* End PBXSourcesBuildPhase section */

/* Begin PBXTargetDependency section */
		0914649D2D77861E0088FF46 /* PBXTargetDependency */ = {
			isa = PBXTargetDependency;
			target = 091464902D77861E0088FF46 /* Closures */;
			targetProxy = 0914649C2D77861E0088FF46 /* PBXContainerItemProxy */;
		};
		091464D42D778C1D0088FF46 /* PBXTargetDependency */ = {
			isa = PBXTargetDependency;
			target = 091464C72D778C1D0088FF46 /* Classes_Structures */;
			targetProxy = 091464D32D778C1D0088FF46 /* PBXContainerItemProxy */;
		};
		09C903F22D67E33000BC5180 /* PBXTargetDependency */ = {
			isa = PBXTargetDependency;
			target = 09C903E52D67E33000BC5180 /* BasicOperators */;
			targetProxy = 09C903F12D67E33000BC5180 /* PBXContainerItemProxy */;
		};
		09C904292D689B0400BC5180 /* PBXTargetDependency */ = {
			isa = PBXTargetDependency;
			target = 09C9041C2D689B0400BC5180 /* Strings */;
			targetProxy = 09C904282D689B0400BC5180 /* PBXContainerItemProxy */;
		};
		09C904622D68F84A00BC5180 /* PBXTargetDependency */ = {
			isa = PBXTargetDependency;
			target = 09C904552D68F84A00BC5180 /* Collections */;
			targetProxy = 09C904612D68F84A00BC5180 /* PBXContainerItemProxy */;
		};
		09C904992D762C2400BC5180 /* PBXTargetDependency */ = {
			isa = PBXTargetDependency;
			target = 09C9048C2D762C2400BC5180 /* Optional */;
			targetProxy = 09C904982D762C2400BC5180 /* PBXContainerItemProxy */;
		};
/* End PBXTargetDependency section */

/* Begin XCBuildConfiguration section */
		091464A42D77861E0088FF46 /* Debug */ = {
			isa = XCBuildConfiguration;
			buildSettings = {
				BUILD_LIBRARY_FOR_DISTRIBUTION = YES;
				CODE_SIGN_STYLE = Automatic;
				COMBINE_HIDPI_IMAGES = YES;
				CURRENT_PROJECT_VERSION = 1;
				DEFINES_MODULE = YES;
				DYLIB_COMPATIBILITY_VERSION = 1;
				DYLIB_CURRENT_VERSION = 1;
				DYLIB_INSTALL_NAME_BASE = "@rpath";
				ENABLE_MODULE_VERIFIER = YES;
				GENERATE_INFOPLIST_FILE = YES;
				INFOPLIST_KEY_NSHumanReadableCopyright = "";
				INSTALL_PATH = "$(LOCAL_LIBRARY_DIR)/Frameworks";
				LD_RUNPATH_SEARCH_PATHS = (
					"$(inherited)",
					"@executable_path/../Frameworks",
					"@loader_path/Frameworks",
				);
				MARKETING_VERSION = 1.0;
				MODULE_VERIFIER_SUPPORTED_LANGUAGES = "objective-c objective-c++";
				MODULE_VERIFIER_SUPPORTED_LANGUAGE_STANDARDS = "gnu17 gnu++20";
				PRODUCT_BUNDLE_IDENTIFIER = "com.ilya-kozar.Closures";
				PRODUCT_NAME = "$(TARGET_NAME:c99extidentifier)";
				SKIP_INSTALL = YES;
				SWIFT_EMIT_LOC_STRINGS = YES;
				SWIFT_INSTALL_OBJC_HEADER = NO;
				SWIFT_VERSION = 5.0;
				VERSIONING_SYSTEM = "apple-generic";
				VERSION_INFO_PREFIX = "";
			};
			name = Debug;
		};
		091464A52D77861E0088FF46 /* Release */ = {
			isa = XCBuildConfiguration;
			buildSettings = {
				BUILD_LIBRARY_FOR_DISTRIBUTION = YES;
				CODE_SIGN_STYLE = Automatic;
				COMBINE_HIDPI_IMAGES = YES;
				CURRENT_PROJECT_VERSION = 1;
				DEFINES_MODULE = YES;
				DYLIB_COMPATIBILITY_VERSION = 1;
				DYLIB_CURRENT_VERSION = 1;
				DYLIB_INSTALL_NAME_BASE = "@rpath";
				ENABLE_MODULE_VERIFIER = YES;
				GENERATE_INFOPLIST_FILE = YES;
				INFOPLIST_KEY_NSHumanReadableCopyright = "";
				INSTALL_PATH = "$(LOCAL_LIBRARY_DIR)/Frameworks";
				LD_RUNPATH_SEARCH_PATHS = (
					"$(inherited)",
					"@executable_path/../Frameworks",
					"@loader_path/Frameworks",
				);
				MARKETING_VERSION = 1.0;
				MODULE_VERIFIER_SUPPORTED_LANGUAGES = "objective-c objective-c++";
				MODULE_VERIFIER_SUPPORTED_LANGUAGE_STANDARDS = "gnu17 gnu++20";
				PRODUCT_BUNDLE_IDENTIFIER = "com.ilya-kozar.Closures";
				PRODUCT_NAME = "$(TARGET_NAME:c99extidentifier)";
				SKIP_INSTALL = YES;
				SWIFT_EMIT_LOC_STRINGS = YES;
				SWIFT_INSTALL_OBJC_HEADER = NO;
				SWIFT_VERSION = 5.0;
				VERSIONING_SYSTEM = "apple-generic";
				VERSION_INFO_PREFIX = "";
			};
			name = Release;
		};
		091464A72D77861E0088FF46 /* Debug */ = {
			isa = XCBuildConfiguration;
			buildSettings = {
				CODE_SIGN_STYLE = Automatic;
				CURRENT_PROJECT_VERSION = 1;
				GENERATE_INFOPLIST_FILE = YES;
				MARKETING_VERSION = 1.0;
				PRODUCT_BUNDLE_IDENTIFIER = "com.ilya-kozar.ClosuresTests";
				PRODUCT_NAME = "$(TARGET_NAME)";
				SWIFT_EMIT_LOC_STRINGS = NO;
				SWIFT_VERSION = 5.0;
			};
			name = Debug;
		};
		091464A82D77861E0088FF46 /* Release */ = {
			isa = XCBuildConfiguration;
			buildSettings = {
				CODE_SIGN_STYLE = Automatic;
				CURRENT_PROJECT_VERSION = 1;
				GENERATE_INFOPLIST_FILE = YES;
				MARKETING_VERSION = 1.0;
				PRODUCT_BUNDLE_IDENTIFIER = "com.ilya-kozar.ClosuresTests";
				PRODUCT_NAME = "$(TARGET_NAME)";
				SWIFT_EMIT_LOC_STRINGS = NO;
				SWIFT_VERSION = 5.0;
			};
			name = Release;
		};
		091464DB2D778C1D0088FF46 /* Debug */ = {
			isa = XCBuildConfiguration;
			buildSettings = {
				BUILD_LIBRARY_FOR_DISTRIBUTION = YES;
				CODE_SIGN_STYLE = Automatic;
				COMBINE_HIDPI_IMAGES = YES;
				CURRENT_PROJECT_VERSION = 1;
				DEFINES_MODULE = YES;
				DYLIB_COMPATIBILITY_VERSION = 1;
				DYLIB_CURRENT_VERSION = 1;
				DYLIB_INSTALL_NAME_BASE = "@rpath";
				ENABLE_MODULE_VERIFIER = YES;
				GENERATE_INFOPLIST_FILE = YES;
				INFOPLIST_KEY_NSHumanReadableCopyright = "";
				INSTALL_PATH = "$(LOCAL_LIBRARY_DIR)/Frameworks";
				LD_RUNPATH_SEARCH_PATHS = (
					"$(inherited)",
					"@executable_path/../Frameworks",
					"@loader_path/Frameworks",
				);
				MARKETING_VERSION = 1.0;
				MODULE_VERIFIER_SUPPORTED_LANGUAGES = "objective-c objective-c++";
				MODULE_VERIFIER_SUPPORTED_LANGUAGE_STANDARDS = "gnu17 gnu++20";
				PRODUCT_BUNDLE_IDENTIFIER = "com.ilya-kozar.Classes-Structures";
				PRODUCT_NAME = "$(TARGET_NAME:c99extidentifier)";
				SKIP_INSTALL = YES;
				SWIFT_EMIT_LOC_STRINGS = YES;
				SWIFT_INSTALL_OBJC_HEADER = NO;
				SWIFT_VERSION = 5.0;
				VERSIONING_SYSTEM = "apple-generic";
				VERSION_INFO_PREFIX = "";
			};
			name = Debug;
		};
		091464DC2D778C1D0088FF46 /* Release */ = {
			isa = XCBuildConfiguration;
			buildSettings = {
				BUILD_LIBRARY_FOR_DISTRIBUTION = YES;
				CODE_SIGN_STYLE = Automatic;
				COMBINE_HIDPI_IMAGES = YES;
				CURRENT_PROJECT_VERSION = 1;
				DEFINES_MODULE = YES;
				DYLIB_COMPATIBILITY_VERSION = 1;
				DYLIB_CURRENT_VERSION = 1;
				DYLIB_INSTALL_NAME_BASE = "@rpath";
				ENABLE_MODULE_VERIFIER = YES;
				GENERATE_INFOPLIST_FILE = YES;
				INFOPLIST_KEY_NSHumanReadableCopyright = "";
				INSTALL_PATH = "$(LOCAL_LIBRARY_DIR)/Frameworks";
				LD_RUNPATH_SEARCH_PATHS = (
					"$(inherited)",
					"@executable_path/../Frameworks",
					"@loader_path/Frameworks",
				);
				MARKETING_VERSION = 1.0;
				MODULE_VERIFIER_SUPPORTED_LANGUAGES = "objective-c objective-c++";
				MODULE_VERIFIER_SUPPORTED_LANGUAGE_STANDARDS = "gnu17 gnu++20";
				PRODUCT_BUNDLE_IDENTIFIER = "com.ilya-kozar.Classes-Structures";
				PRODUCT_NAME = "$(TARGET_NAME:c99extidentifier)";
				SKIP_INSTALL = YES;
				SWIFT_EMIT_LOC_STRINGS = YES;
				SWIFT_INSTALL_OBJC_HEADER = NO;
				SWIFT_VERSION = 5.0;
				VERSIONING_SYSTEM = "apple-generic";
				VERSION_INFO_PREFIX = "";
			};
			name = Release;
		};
		091464DE2D778C1D0088FF46 /* Debug */ = {
			isa = XCBuildConfiguration;
			buildSettings = {
				CODE_SIGN_STYLE = Automatic;
				CURRENT_PROJECT_VERSION = 1;
				GENERATE_INFOPLIST_FILE = YES;
				MARKETING_VERSION = 1.0;
				PRODUCT_BUNDLE_IDENTIFIER = "com.ilya-kozar.Classes-StructuresTests";
				PRODUCT_NAME = "$(TARGET_NAME)";
				SWIFT_EMIT_LOC_STRINGS = NO;
				SWIFT_VERSION = 5.0;
			};
			name = Debug;
		};
		091464DF2D778C1D0088FF46 /* Release */ = {
			isa = XCBuildConfiguration;
			buildSettings = {
				CODE_SIGN_STYLE = Automatic;
				CURRENT_PROJECT_VERSION = 1;
				GENERATE_INFOPLIST_FILE = YES;
				MARKETING_VERSION = 1.0;
				PRODUCT_BUNDLE_IDENTIFIER = "com.ilya-kozar.Classes-StructuresTests";
				PRODUCT_NAME = "$(TARGET_NAME)";
				SWIFT_EMIT_LOC_STRINGS = NO;
				SWIFT_VERSION = 5.0;
			};
			name = Release;
		};
		09C903DC2D67DD0C00BC5180 /* Debug */ = {
			isa = XCBuildConfiguration;
			buildSettings = {
				ALWAYS_SEARCH_USER_PATHS = NO;
				ASSETCATALOG_COMPILER_GENERATE_SWIFT_ASSET_SYMBOL_EXTENSIONS = YES;
				CLANG_ANALYZER_NONNULL = YES;
				CLANG_ANALYZER_NUMBER_OBJECT_CONVERSION = YES_AGGRESSIVE;
				CLANG_CXX_LANGUAGE_STANDARD = "gnu++20";
				CLANG_ENABLE_MODULES = YES;
				CLANG_ENABLE_OBJC_ARC = YES;
				CLANG_ENABLE_OBJC_WEAK = YES;
				CLANG_WARN_BLOCK_CAPTURE_AUTORELEASING = YES;
				CLANG_WARN_BOOL_CONVERSION = YES;
				CLANG_WARN_COMMA = YES;
				CLANG_WARN_CONSTANT_CONVERSION = YES;
				CLANG_WARN_DEPRECATED_OBJC_IMPLEMENTATIONS = YES;
				CLANG_WARN_DIRECT_OBJC_ISA_USAGE = YES_ERROR;
				CLANG_WARN_DOCUMENTATION_COMMENTS = YES;
				CLANG_WARN_EMPTY_BODY = YES;
				CLANG_WARN_ENUM_CONVERSION = YES;
				CLANG_WARN_INFINITE_RECURSION = YES;
				CLANG_WARN_INT_CONVERSION = YES;
				CLANG_WARN_NON_LITERAL_NULL_CONVERSION = YES;
				CLANG_WARN_OBJC_IMPLICIT_RETAIN_SELF = YES;
				CLANG_WARN_OBJC_LITERAL_CONVERSION = YES;
				CLANG_WARN_OBJC_ROOT_CLASS = YES_ERROR;
				CLANG_WARN_QUOTED_INCLUDE_IN_FRAMEWORK_HEADER = YES;
				CLANG_WARN_RANGE_LOOP_ANALYSIS = YES;
				CLANG_WARN_STRICT_PROTOTYPES = YES;
				CLANG_WARN_SUSPICIOUS_MOVE = YES;
				CLANG_WARN_UNGUARDED_AVAILABILITY = YES_AGGRESSIVE;
				CLANG_WARN_UNREACHABLE_CODE = YES;
				CLANG_WARN__DUPLICATE_METHOD_MATCH = YES;
				COPY_PHASE_STRIP = NO;
				DEBUG_INFORMATION_FORMAT = dwarf;
				ENABLE_STRICT_OBJC_MSGSEND = YES;
				ENABLE_TESTABILITY = YES;
				ENABLE_USER_SCRIPT_SANDBOXING = YES;
				GCC_C_LANGUAGE_STANDARD = gnu17;
				GCC_DYNAMIC_NO_PIC = NO;
				GCC_NO_COMMON_BLOCKS = YES;
				GCC_OPTIMIZATION_LEVEL = 0;
				GCC_PREPROCESSOR_DEFINITIONS = (
					"DEBUG=1",
					"$(inherited)",
				);
				GCC_WARN_64_TO_32_BIT_CONVERSION = YES;
				GCC_WARN_ABOUT_RETURN_TYPE = YES_ERROR;
				GCC_WARN_UNDECLARED_SELECTOR = YES;
				GCC_WARN_UNINITIALIZED_AUTOS = YES_AGGRESSIVE;
				GCC_WARN_UNUSED_FUNCTION = YES;
				GCC_WARN_UNUSED_VARIABLE = YES;
				LOCALIZATION_PREFERS_STRING_CATALOGS = YES;
				MACOSX_DEPLOYMENT_TARGET = 15.2;
				MTL_ENABLE_DEBUG_INFO = INCLUDE_SOURCE;
				MTL_FAST_MATH = YES;
				ONLY_ACTIVE_ARCH = YES;
				SDKROOT = macosx;
				SWIFT_ACTIVE_COMPILATION_CONDITIONS = "DEBUG $(inherited)";
				SWIFT_OPTIMIZATION_LEVEL = "-Onone";
			};
			name = Debug;
		};
		09C903DD2D67DD0C00BC5180 /* Release */ = {
			isa = XCBuildConfiguration;
			buildSettings = {
				ALWAYS_SEARCH_USER_PATHS = NO;
				ASSETCATALOG_COMPILER_GENERATE_SWIFT_ASSET_SYMBOL_EXTENSIONS = YES;
				CLANG_ANALYZER_NONNULL = YES;
				CLANG_ANALYZER_NUMBER_OBJECT_CONVERSION = YES_AGGRESSIVE;
				CLANG_CXX_LANGUAGE_STANDARD = "gnu++20";
				CLANG_ENABLE_MODULES = YES;
				CLANG_ENABLE_OBJC_ARC = YES;
				CLANG_ENABLE_OBJC_WEAK = YES;
				CLANG_WARN_BLOCK_CAPTURE_AUTORELEASING = YES;
				CLANG_WARN_BOOL_CONVERSION = YES;
				CLANG_WARN_COMMA = YES;
				CLANG_WARN_CONSTANT_CONVERSION = YES;
				CLANG_WARN_DEPRECATED_OBJC_IMPLEMENTATIONS = YES;
				CLANG_WARN_DIRECT_OBJC_ISA_USAGE = YES_ERROR;
				CLANG_WARN_DOCUMENTATION_COMMENTS = YES;
				CLANG_WARN_EMPTY_BODY = YES;
				CLANG_WARN_ENUM_CONVERSION = YES;
				CLANG_WARN_INFINITE_RECURSION = YES;
				CLANG_WARN_INT_CONVERSION = YES;
				CLANG_WARN_NON_LITERAL_NULL_CONVERSION = YES;
				CLANG_WARN_OBJC_IMPLICIT_RETAIN_SELF = YES;
				CLANG_WARN_OBJC_LITERAL_CONVERSION = YES;
				CLANG_WARN_OBJC_ROOT_CLASS = YES_ERROR;
				CLANG_WARN_QUOTED_INCLUDE_IN_FRAMEWORK_HEADER = YES;
				CLANG_WARN_RANGE_LOOP_ANALYSIS = YES;
				CLANG_WARN_STRICT_PROTOTYPES = YES;
				CLANG_WARN_SUSPICIOUS_MOVE = YES;
				CLANG_WARN_UNGUARDED_AVAILABILITY = YES_AGGRESSIVE;
				CLANG_WARN_UNREACHABLE_CODE = YES;
				CLANG_WARN__DUPLICATE_METHOD_MATCH = YES;
				COPY_PHASE_STRIP = NO;
				DEBUG_INFORMATION_FORMAT = "dwarf-with-dsym";
				ENABLE_NS_ASSERTIONS = NO;
				ENABLE_STRICT_OBJC_MSGSEND = YES;
				ENABLE_USER_SCRIPT_SANDBOXING = YES;
				GCC_C_LANGUAGE_STANDARD = gnu17;
				GCC_NO_COMMON_BLOCKS = YES;
				GCC_WARN_64_TO_32_BIT_CONVERSION = YES;
				GCC_WARN_ABOUT_RETURN_TYPE = YES_ERROR;
				GCC_WARN_UNDECLARED_SELECTOR = YES;
				GCC_WARN_UNINITIALIZED_AUTOS = YES_AGGRESSIVE;
				GCC_WARN_UNUSED_FUNCTION = YES;
				GCC_WARN_UNUSED_VARIABLE = YES;
				LOCALIZATION_PREFERS_STRING_CATALOGS = YES;
				MACOSX_DEPLOYMENT_TARGET = 15.2;
				MTL_ENABLE_DEBUG_INFO = NO;
				MTL_FAST_MATH = YES;
				SDKROOT = macosx;
				SWIFT_COMPILATION_MODE = wholemodule;
			};
			name = Release;
		};
		09C903DF2D67DD0C00BC5180 /* Debug */ = {
			isa = XCBuildConfiguration;
			buildSettings = {
				CODE_SIGN_STYLE = Automatic;
				PRODUCT_NAME = "$(TARGET_NAME)";
				SWIFT_VERSION = 5.0;
			};
			name = Debug;
		};
		09C903E02D67DD0C00BC5180 /* Release */ = {
			isa = XCBuildConfiguration;
			buildSettings = {
				CODE_SIGN_STYLE = Automatic;
				PRODUCT_NAME = "$(TARGET_NAME)";
				SWIFT_VERSION = 5.0;
			};
			name = Release;
		};
		09C903F92D67E33000BC5180 /* Debug */ = {
			isa = XCBuildConfiguration;
			buildSettings = {
				BUILD_LIBRARY_FOR_DISTRIBUTION = YES;
				CODE_SIGN_STYLE = Automatic;
				COMBINE_HIDPI_IMAGES = YES;
				CURRENT_PROJECT_VERSION = 1;
				DEFINES_MODULE = YES;
				DYLIB_COMPATIBILITY_VERSION = 1;
				DYLIB_CURRENT_VERSION = 1;
				DYLIB_INSTALL_NAME_BASE = "@rpath";
				ENABLE_MODULE_VERIFIER = YES;
				GENERATE_INFOPLIST_FILE = YES;
				INFOPLIST_KEY_NSHumanReadableCopyright = "";
				INSTALL_PATH = "$(LOCAL_LIBRARY_DIR)/Frameworks";
				LD_RUNPATH_SEARCH_PATHS = (
					"$(inherited)",
					"@executable_path/../Frameworks",
					"@loader_path/Frameworks",
				);
				MARKETING_VERSION = 1.0;
				MODULE_VERIFIER_SUPPORTED_LANGUAGES = "objective-c objective-c++";
				MODULE_VERIFIER_SUPPORTED_LANGUAGE_STANDARDS = "gnu17 gnu++20";
				PRODUCT_BUNDLE_IDENTIFIER = "com.ilya-kozar.BasicOperators";
				PRODUCT_NAME = "$(TARGET_NAME:c99extidentifier)";
				SKIP_INSTALL = YES;
				SWIFT_EMIT_LOC_STRINGS = YES;
				SWIFT_INSTALL_OBJC_HEADER = NO;
				SWIFT_VERSION = 5.0;
				VERSIONING_SYSTEM = "apple-generic";
				VERSION_INFO_PREFIX = "";
			};
			name = Debug;
		};
		09C903FA2D67E33000BC5180 /* Release */ = {
			isa = XCBuildConfiguration;
			buildSettings = {
				BUILD_LIBRARY_FOR_DISTRIBUTION = YES;
				CODE_SIGN_STYLE = Automatic;
				COMBINE_HIDPI_IMAGES = YES;
				CURRENT_PROJECT_VERSION = 1;
				DEFINES_MODULE = YES;
				DYLIB_COMPATIBILITY_VERSION = 1;
				DYLIB_CURRENT_VERSION = 1;
				DYLIB_INSTALL_NAME_BASE = "@rpath";
				ENABLE_MODULE_VERIFIER = YES;
				GENERATE_INFOPLIST_FILE = YES;
				INFOPLIST_KEY_NSHumanReadableCopyright = "";
				INSTALL_PATH = "$(LOCAL_LIBRARY_DIR)/Frameworks";
				LD_RUNPATH_SEARCH_PATHS = (
					"$(inherited)",
					"@executable_path/../Frameworks",
					"@loader_path/Frameworks",
				);
				MARKETING_VERSION = 1.0;
				MODULE_VERIFIER_SUPPORTED_LANGUAGES = "objective-c objective-c++";
				MODULE_VERIFIER_SUPPORTED_LANGUAGE_STANDARDS = "gnu17 gnu++20";
				PRODUCT_BUNDLE_IDENTIFIER = "com.ilya-kozar.BasicOperators";
				PRODUCT_NAME = "$(TARGET_NAME:c99extidentifier)";
				SKIP_INSTALL = YES;
				SWIFT_EMIT_LOC_STRINGS = YES;
				SWIFT_INSTALL_OBJC_HEADER = NO;
				SWIFT_VERSION = 5.0;
				VERSIONING_SYSTEM = "apple-generic";
				VERSION_INFO_PREFIX = "";
			};
			name = Release;
		};
		09C903FC2D67E33000BC5180 /* Debug */ = {
			isa = XCBuildConfiguration;
			buildSettings = {
				CODE_SIGN_STYLE = Automatic;
				CURRENT_PROJECT_VERSION = 1;
				GENERATE_INFOPLIST_FILE = YES;
				MARKETING_VERSION = 1.0;
				PRODUCT_BUNDLE_IDENTIFIER = "com.ilya-kozar.BasicOperatorsTests";
				PRODUCT_NAME = "$(TARGET_NAME)";
				SWIFT_EMIT_LOC_STRINGS = NO;
				SWIFT_VERSION = 5.0;
			};
			name = Debug;
		};
		09C903FD2D67E33000BC5180 /* Release */ = {
			isa = XCBuildConfiguration;
			buildSettings = {
				CODE_SIGN_STYLE = Automatic;
				CURRENT_PROJECT_VERSION = 1;
				GENERATE_INFOPLIST_FILE = YES;
				MARKETING_VERSION = 1.0;
				PRODUCT_BUNDLE_IDENTIFIER = "com.ilya-kozar.BasicOperatorsTests";
				PRODUCT_NAME = "$(TARGET_NAME)";
				SWIFT_EMIT_LOC_STRINGS = NO;
				SWIFT_VERSION = 5.0;
			};
			name = Release;
		};
		09C904302D689B0400BC5180 /* Debug */ = {
			isa = XCBuildConfiguration;
			buildSettings = {
				BUILD_LIBRARY_FOR_DISTRIBUTION = YES;
				CODE_SIGN_STYLE = Automatic;
				COMBINE_HIDPI_IMAGES = YES;
				CURRENT_PROJECT_VERSION = 1;
				DEFINES_MODULE = YES;
				DYLIB_COMPATIBILITY_VERSION = 1;
				DYLIB_CURRENT_VERSION = 1;
				DYLIB_INSTALL_NAME_BASE = "@rpath";
				ENABLE_MODULE_VERIFIER = YES;
				GENERATE_INFOPLIST_FILE = YES;
				INFOPLIST_KEY_NSHumanReadableCopyright = "";
				INSTALL_PATH = "$(LOCAL_LIBRARY_DIR)/Frameworks";
				LD_RUNPATH_SEARCH_PATHS = (
					"$(inherited)",
					"@executable_path/../Frameworks",
					"@loader_path/Frameworks",
				);
				MARKETING_VERSION = 1.0;
				MODULE_VERIFIER_SUPPORTED_LANGUAGES = "objective-c objective-c++";
				MODULE_VERIFIER_SUPPORTED_LANGUAGE_STANDARDS = "gnu17 gnu++20";
				PRODUCT_BUNDLE_IDENTIFIER = "com.ilya-kozar.Strings";
				PRODUCT_NAME = "$(TARGET_NAME:c99extidentifier)";
				SKIP_INSTALL = YES;
				SWIFT_EMIT_LOC_STRINGS = YES;
				SWIFT_INSTALL_OBJC_HEADER = NO;
				SWIFT_VERSION = 5.0;
				VERSIONING_SYSTEM = "apple-generic";
				VERSION_INFO_PREFIX = "";
			};
			name = Debug;
		};
		09C904312D689B0400BC5180 /* Release */ = {
			isa = XCBuildConfiguration;
			buildSettings = {
				BUILD_LIBRARY_FOR_DISTRIBUTION = YES;
				CODE_SIGN_STYLE = Automatic;
				COMBINE_HIDPI_IMAGES = YES;
				CURRENT_PROJECT_VERSION = 1;
				DEFINES_MODULE = YES;
				DYLIB_COMPATIBILITY_VERSION = 1;
				DYLIB_CURRENT_VERSION = 1;
				DYLIB_INSTALL_NAME_BASE = "@rpath";
				ENABLE_MODULE_VERIFIER = YES;
				GENERATE_INFOPLIST_FILE = YES;
				INFOPLIST_KEY_NSHumanReadableCopyright = "";
				INSTALL_PATH = "$(LOCAL_LIBRARY_DIR)/Frameworks";
				LD_RUNPATH_SEARCH_PATHS = (
					"$(inherited)",
					"@executable_path/../Frameworks",
					"@loader_path/Frameworks",
				);
				MARKETING_VERSION = 1.0;
				MODULE_VERIFIER_SUPPORTED_LANGUAGES = "objective-c objective-c++";
				MODULE_VERIFIER_SUPPORTED_LANGUAGE_STANDARDS = "gnu17 gnu++20";
				PRODUCT_BUNDLE_IDENTIFIER = "com.ilya-kozar.Strings";
				PRODUCT_NAME = "$(TARGET_NAME:c99extidentifier)";
				SKIP_INSTALL = YES;
				SWIFT_EMIT_LOC_STRINGS = YES;
				SWIFT_INSTALL_OBJC_HEADER = NO;
				SWIFT_VERSION = 5.0;
				VERSIONING_SYSTEM = "apple-generic";
				VERSION_INFO_PREFIX = "";
			};
			name = Release;
		};
		09C904332D689B0400BC5180 /* Debug */ = {
			isa = XCBuildConfiguration;
			buildSettings = {
				CODE_SIGN_STYLE = Automatic;
				CURRENT_PROJECT_VERSION = 1;
				GENERATE_INFOPLIST_FILE = YES;
				MARKETING_VERSION = 1.0;
				PRODUCT_BUNDLE_IDENTIFIER = "com.ilya-kozar.StringsTests";
				PRODUCT_NAME = "$(TARGET_NAME)";
				SWIFT_EMIT_LOC_STRINGS = NO;
				SWIFT_VERSION = 5.0;
			};
			name = Debug;
		};
		09C904342D689B0400BC5180 /* Release */ = {
			isa = XCBuildConfiguration;
			buildSettings = {
				CODE_SIGN_STYLE = Automatic;
				CURRENT_PROJECT_VERSION = 1;
				GENERATE_INFOPLIST_FILE = YES;
				MARKETING_VERSION = 1.0;
				PRODUCT_BUNDLE_IDENTIFIER = "com.ilya-kozar.StringsTests";
				PRODUCT_NAME = "$(TARGET_NAME)";
				SWIFT_EMIT_LOC_STRINGS = NO;
				SWIFT_VERSION = 5.0;
			};
			name = Release;
		};
		09C904692D68F84A00BC5180 /* Debug */ = {
			isa = XCBuildConfiguration;
			buildSettings = {
				BUILD_LIBRARY_FOR_DISTRIBUTION = YES;
				CODE_SIGN_STYLE = Automatic;
				COMBINE_HIDPI_IMAGES = YES;
				CURRENT_PROJECT_VERSION = 1;
				DEFINES_MODULE = YES;
				DYLIB_COMPATIBILITY_VERSION = 1;
				DYLIB_CURRENT_VERSION = 1;
				DYLIB_INSTALL_NAME_BASE = "@rpath";
				ENABLE_MODULE_VERIFIER = YES;
				GENERATE_INFOPLIST_FILE = YES;
				INFOPLIST_KEY_NSHumanReadableCopyright = "";
				INSTALL_PATH = "$(LOCAL_LIBRARY_DIR)/Frameworks";
				LD_RUNPATH_SEARCH_PATHS = (
					"$(inherited)",
					"@executable_path/../Frameworks",
					"@loader_path/Frameworks",
				);
				MARKETING_VERSION = 1.0;
				MODULE_VERIFIER_SUPPORTED_LANGUAGES = "objective-c objective-c++";
				MODULE_VERIFIER_SUPPORTED_LANGUAGE_STANDARDS = "gnu17 gnu++20";
				PRODUCT_BUNDLE_IDENTIFIER = "com.ilya-kozar.Collections";
				PRODUCT_NAME = "$(TARGET_NAME:c99extidentifier)";
				SKIP_INSTALL = YES;
				SWIFT_EMIT_LOC_STRINGS = YES;
				SWIFT_INSTALL_OBJC_HEADER = NO;
				SWIFT_VERSION = 5.0;
				VERSIONING_SYSTEM = "apple-generic";
				VERSION_INFO_PREFIX = "";
			};
			name = Debug;
		};
		09C9046A2D68F84A00BC5180 /* Release */ = {
			isa = XCBuildConfiguration;
			buildSettings = {
				BUILD_LIBRARY_FOR_DISTRIBUTION = YES;
				CODE_SIGN_STYLE = Automatic;
				COMBINE_HIDPI_IMAGES = YES;
				CURRENT_PROJECT_VERSION = 1;
				DEFINES_MODULE = YES;
				DYLIB_COMPATIBILITY_VERSION = 1;
				DYLIB_CURRENT_VERSION = 1;
				DYLIB_INSTALL_NAME_BASE = "@rpath";
				ENABLE_MODULE_VERIFIER = YES;
				GENERATE_INFOPLIST_FILE = YES;
				INFOPLIST_KEY_NSHumanReadableCopyright = "";
				INSTALL_PATH = "$(LOCAL_LIBRARY_DIR)/Frameworks";
				LD_RUNPATH_SEARCH_PATHS = (
					"$(inherited)",
					"@executable_path/../Frameworks",
					"@loader_path/Frameworks",
				);
				MARKETING_VERSION = 1.0;
				MODULE_VERIFIER_SUPPORTED_LANGUAGES = "objective-c objective-c++";
				MODULE_VERIFIER_SUPPORTED_LANGUAGE_STANDARDS = "gnu17 gnu++20";
				PRODUCT_BUNDLE_IDENTIFIER = "com.ilya-kozar.Collections";
				PRODUCT_NAME = "$(TARGET_NAME:c99extidentifier)";
				SKIP_INSTALL = YES;
				SWIFT_EMIT_LOC_STRINGS = YES;
				SWIFT_INSTALL_OBJC_HEADER = NO;
				SWIFT_VERSION = 5.0;
				VERSIONING_SYSTEM = "apple-generic";
				VERSION_INFO_PREFIX = "";
			};
			name = Release;
		};
		09C9046C2D68F84A00BC5180 /* Debug */ = {
			isa = XCBuildConfiguration;
			buildSettings = {
				CODE_SIGN_STYLE = Automatic;
				CURRENT_PROJECT_VERSION = 1;
				GENERATE_INFOPLIST_FILE = YES;
				MARKETING_VERSION = 1.0;
				PRODUCT_BUNDLE_IDENTIFIER = "com.ilya-kozar.CollectionsTests";
				PRODUCT_NAME = "$(TARGET_NAME)";
				SWIFT_EMIT_LOC_STRINGS = NO;
				SWIFT_VERSION = 5.0;
			};
			name = Debug;
		};
		09C9046D2D68F84A00BC5180 /* Release */ = {
			isa = XCBuildConfiguration;
			buildSettings = {
				CODE_SIGN_STYLE = Automatic;
				CURRENT_PROJECT_VERSION = 1;
				GENERATE_INFOPLIST_FILE = YES;
				MARKETING_VERSION = 1.0;
				PRODUCT_BUNDLE_IDENTIFIER = "com.ilya-kozar.CollectionsTests";
				PRODUCT_NAME = "$(TARGET_NAME)";
				SWIFT_EMIT_LOC_STRINGS = NO;
				SWIFT_VERSION = 5.0;
			};
			name = Release;
		};
		09C904A02D762C2400BC5180 /* Debug */ = {
			isa = XCBuildConfiguration;
			buildSettings = {
				BUILD_LIBRARY_FOR_DISTRIBUTION = YES;
				CODE_SIGN_STYLE = Automatic;
				COMBINE_HIDPI_IMAGES = YES;
				CURRENT_PROJECT_VERSION = 1;
				DEFINES_MODULE = YES;
				DYLIB_COMPATIBILITY_VERSION = 1;
				DYLIB_CURRENT_VERSION = 1;
				DYLIB_INSTALL_NAME_BASE = "@rpath";
				ENABLE_MODULE_VERIFIER = YES;
				GENERATE_INFOPLIST_FILE = YES;
				INFOPLIST_KEY_NSHumanReadableCopyright = "";
				INSTALL_PATH = "$(LOCAL_LIBRARY_DIR)/Frameworks";
				LD_RUNPATH_SEARCH_PATHS = (
					"$(inherited)",
					"@executable_path/../Frameworks",
					"@loader_path/Frameworks",
				);
				MARKETING_VERSION = 1.0;
				MODULE_VERIFIER_SUPPORTED_LANGUAGES = "objective-c objective-c++";
				MODULE_VERIFIER_SUPPORTED_LANGUAGE_STANDARDS = "gnu17 gnu++20";
				PRODUCT_BUNDLE_IDENTIFIER = "com.ilya-kozar.Optional";
				PRODUCT_NAME = "$(TARGET_NAME:c99extidentifier)";
				SKIP_INSTALL = YES;
				SWIFT_EMIT_LOC_STRINGS = YES;
				SWIFT_INSTALL_OBJC_HEADER = NO;
				SWIFT_VERSION = 5.0;
				VERSIONING_SYSTEM = "apple-generic";
				VERSION_INFO_PREFIX = "";
			};
			name = Debug;
		};
		09C904A12D762C2400BC5180 /* Release */ = {
			isa = XCBuildConfiguration;
			buildSettings = {
				BUILD_LIBRARY_FOR_DISTRIBUTION = YES;
				CODE_SIGN_STYLE = Automatic;
				COMBINE_HIDPI_IMAGES = YES;
				CURRENT_PROJECT_VERSION = 1;
				DEFINES_MODULE = YES;
				DYLIB_COMPATIBILITY_VERSION = 1;
				DYLIB_CURRENT_VERSION = 1;
				DYLIB_INSTALL_NAME_BASE = "@rpath";
				ENABLE_MODULE_VERIFIER = YES;
				GENERATE_INFOPLIST_FILE = YES;
				INFOPLIST_KEY_NSHumanReadableCopyright = "";
				INSTALL_PATH = "$(LOCAL_LIBRARY_DIR)/Frameworks";
				LD_RUNPATH_SEARCH_PATHS = (
					"$(inherited)",
					"@executable_path/../Frameworks",
					"@loader_path/Frameworks",
				);
				MARKETING_VERSION = 1.0;
				MODULE_VERIFIER_SUPPORTED_LANGUAGES = "objective-c objective-c++";
				MODULE_VERIFIER_SUPPORTED_LANGUAGE_STANDARDS = "gnu17 gnu++20";
				PRODUCT_BUNDLE_IDENTIFIER = "com.ilya-kozar.Optional";
				PRODUCT_NAME = "$(TARGET_NAME:c99extidentifier)";
				SKIP_INSTALL = YES;
				SWIFT_EMIT_LOC_STRINGS = YES;
				SWIFT_INSTALL_OBJC_HEADER = NO;
				SWIFT_VERSION = 5.0;
				VERSIONING_SYSTEM = "apple-generic";
				VERSION_INFO_PREFIX = "";
			};
			name = Release;
		};
		09C904A32D762C2400BC5180 /* Debug */ = {
			isa = XCBuildConfiguration;
			buildSettings = {
				CODE_SIGN_STYLE = Automatic;
				CURRENT_PROJECT_VERSION = 1;
				GENERATE_INFOPLIST_FILE = YES;
				MARKETING_VERSION = 1.0;
				PRODUCT_BUNDLE_IDENTIFIER = "com.ilya-kozar.OptionalTests";
				PRODUCT_NAME = "$(TARGET_NAME)";
				SWIFT_EMIT_LOC_STRINGS = NO;
				SWIFT_VERSION = 5.0;
			};
			name = Debug;
		};
		09C904A42D762C2400BC5180 /* Release */ = {
			isa = XCBuildConfiguration;
			buildSettings = {
				CODE_SIGN_STYLE = Automatic;
				CURRENT_PROJECT_VERSION = 1;
				GENERATE_INFOPLIST_FILE = YES;
				MARKETING_VERSION = 1.0;
				PRODUCT_BUNDLE_IDENTIFIER = "com.ilya-kozar.OptionalTests";
				PRODUCT_NAME = "$(TARGET_NAME)";
				SWIFT_EMIT_LOC_STRINGS = NO;
				SWIFT_VERSION = 5.0;
			};
			name = Release;
		};
/* End XCBuildConfiguration section */

/* Begin XCConfigurationList section */
		091464A32D77861E0088FF46 /* Build configuration list for PBXNativeTarget "Closures" */ = {
			isa = XCConfigurationList;
			buildConfigurations = (
				091464A42D77861E0088FF46 /* Debug */,
				091464A52D77861E0088FF46 /* Release */,
			);
			defaultConfigurationIsVisible = 0;
			defaultConfigurationName = Release;
		};
		091464A62D77861E0088FF46 /* Build configuration list for PBXNativeTarget "ClosuresTests" */ = {
			isa = XCConfigurationList;
			buildConfigurations = (
				091464A72D77861E0088FF46 /* Debug */,
				091464A82D77861E0088FF46 /* Release */,
			);
			defaultConfigurationIsVisible = 0;
			defaultConfigurationName = Release;
		};
		091464DA2D778C1D0088FF46 /* Build configuration list for PBXNativeTarget "Classes_Structures" */ = {
			isa = XCConfigurationList;
			buildConfigurations = (
				091464DB2D778C1D0088FF46 /* Debug */,
				091464DC2D778C1D0088FF46 /* Release */,
			);
			defaultConfigurationIsVisible = 0;
			defaultConfigurationName = Release;
		};
		091464DD2D778C1D0088FF46 /* Build configuration list for PBXNativeTarget "Classes_StructuresTests" */ = {
			isa = XCConfigurationList;
			buildConfigurations = (
				091464DE2D778C1D0088FF46 /* Debug */,
				091464DF2D778C1D0088FF46 /* Release */,
			);
			defaultConfigurationIsVisible = 0;
			defaultConfigurationName = Release;
		};
		09C903D22D67DD0C00BC5180 /* Build configuration list for PBXProject "Practice1" */ = {
			isa = XCConfigurationList;
			buildConfigurations = (
				09C903DC2D67DD0C00BC5180 /* Debug */,
				09C903DD2D67DD0C00BC5180 /* Release */,
			);
			defaultConfigurationIsVisible = 0;
			defaultConfigurationName = Release;
		};
		09C903DE2D67DD0C00BC5180 /* Build configuration list for PBXNativeTarget "Practice1" */ = {
			isa = XCConfigurationList;
			buildConfigurations = (
				09C903DF2D67DD0C00BC5180 /* Debug */,
				09C903E02D67DD0C00BC5180 /* Release */,
			);
			defaultConfigurationIsVisible = 0;
			defaultConfigurationName = Release;
		};
		09C903F82D67E33000BC5180 /* Build configuration list for PBXNativeTarget "BasicOperators" */ = {
			isa = XCConfigurationList;
			buildConfigurations = (
				09C903F92D67E33000BC5180 /* Debug */,
				09C903FA2D67E33000BC5180 /* Release */,
			);
			defaultConfigurationIsVisible = 0;
			defaultConfigurationName = Release;
		};
		09C903FB2D67E33000BC5180 /* Build configuration list for PBXNativeTarget "BasicOperatorsTests" */ = {
			isa = XCConfigurationList;
			buildConfigurations = (
				09C903FC2D67E33000BC5180 /* Debug */,
				09C903FD2D67E33000BC5180 /* Release */,
			);
			defaultConfigurationIsVisible = 0;
			defaultConfigurationName = Release;
		};
		09C9042F2D689B0400BC5180 /* Build configuration list for PBXNativeTarget "Strings" */ = {
			isa = XCConfigurationList;
			buildConfigurations = (
				09C904302D689B0400BC5180 /* Debug */,
				09C904312D689B0400BC5180 /* Release */,
			);
			defaultConfigurationIsVisible = 0;
			defaultConfigurationName = Release;
		};
		09C904322D689B0400BC5180 /* Build configuration list for PBXNativeTarget "StringsTests" */ = {
			isa = XCConfigurationList;
			buildConfigurations = (
				09C904332D689B0400BC5180 /* Debug */,
				09C904342D689B0400BC5180 /* Release */,
			);
			defaultConfigurationIsVisible = 0;
			defaultConfigurationName = Release;
		};
		09C904682D68F84A00BC5180 /* Build configuration list for PBXNativeTarget "Collections" */ = {
			isa = XCConfigurationList;
			buildConfigurations = (
				09C904692D68F84A00BC5180 /* Debug */,
				09C9046A2D68F84A00BC5180 /* Release */,
			);
			defaultConfigurationIsVisible = 0;
			defaultConfigurationName = Release;
		};
		09C9046B2D68F84A00BC5180 /* Build configuration list for PBXNativeTarget "CollectionsTests" */ = {
			isa = XCConfigurationList;
			buildConfigurations = (
				09C9046C2D68F84A00BC5180 /* Debug */,
				09C9046D2D68F84A00BC5180 /* Release */,
			);
			defaultConfigurationIsVisible = 0;
			defaultConfigurationName = Release;
		};
		09C9049F2D762C2400BC5180 /* Build configuration list for PBXNativeTarget "Optional" */ = {
			isa = XCConfigurationList;
			buildConfigurations = (
				09C904A02D762C2400BC5180 /* Debug */,
				09C904A12D762C2400BC5180 /* Release */,
			);
			defaultConfigurationIsVisible = 0;
			defaultConfigurationName = Release;
		};
		09C904A22D762C2400BC5180 /* Build configuration list for PBXNativeTarget "OptionalTests" */ = {
			isa = XCConfigurationList;
			buildConfigurations = (
				09C904A32D762C2400BC5180 /* Debug */,
				09C904A42D762C2400BC5180 /* Release */,
			);
			defaultConfigurationIsVisible = 0;
			defaultConfigurationName = Release;
		};
/* End XCConfigurationList section */
	};
	rootObject = 09C903CF2D67DD0C00BC5180 /* Project object */;
}
